
Microsoft Visual Studio Solution File, Format Version 12.00
# Visual Studio Version 16
VisualStudioVersion = 16.0.31205.134
MinimumVisualStudioVersion = 10.0.40219.1
Project("{FAE04EC0-301F-11D3-BF4B-00C04F79EFBC}") = "PartnerProject", "PartnerProject\PartnerProject.csproj", "{CE1384D9-753F-41D9-9BC2-D0C4D7F3A21F}"
EndProject
Global
	GlobalSection(SolutionConfigurationPlatforms) = preSolution
		Debug|Any CPU = Debug|Any CPU
		Release|Any CPU = Release|Any CPU
	EndGlobalSection
	GlobalSection(ProjectConfigurationPlatforms) = postSolution
		{CE1384D9-753F-41D9-9BC2-D0C4D7F3A21F}.Debug|Any CPU.ActiveCfg = Debug|Any CPU
		{CE1384D9-753F-41D9-9BC2-D0C4D7F3A21F}.Debug|Any CPU.Build.0 = Debug|Any CPU
		{CE1384D9-753F-41D9-9BC2-D0C4D7F3A21F}.Release|Any CPU.ActiveCfg = Release|Any CPU
		{CE1384D9-753F-41D9-9BC2-D0C4D7F3A21F}.Release|Any CPU.Build.0 = Release|Any CPU
	EndGlobalSection
	GlobalSection(SolutionProperties) = preSolution
		HideSolutionNode = FALSE
	EndGlobalSection
	GlobalSection(ExtensibilityGlobals) = postSolution
		SolutionGuid = {91B591A4-ED10-48D8-A1E2-90B4295E4F8D}
	EndGlobalSection
EndGlobal
